// !$*UTF8*$!
{
	archiveVersion = 1;
	classes = {
	};
	objectVersion = 46;
	objects = {

/* Begin PBXBuildFile section */
		833CF7B1C7664DD9F544F859 /* libPods.a in Frameworks */ = {isa = PBXBuildFile; fileRef = 50FCA82E654BF133F392985E /* libPods.a */; };
		9052C1751D07F53200859D7F /* main.m in Sources */ = {isa = PBXBuildFile; fileRef = 9052C1741D07F53200859D7F /* main.m */; };
		9052C1781D07F53200859D7F /* RMAppDelegate.m in Sources */ = {isa = PBXBuildFile; fileRef = 9052C1771D07F53200859D7F /* RMAppDelegate.m */; };
		9052C17E1D07F53200859D7F /* Main.storyboard in Resources */ = {isa = PBXBuildFile; fileRef = 9052C17C1D07F53200859D7F /* Main.storyboard */; };
		9052C1801D07F53200859D7F /* Assets.xcassets in Resources */ = {isa = PBXBuildFile; fileRef = 9052C17F1D07F53200859D7F /* Assets.xcassets */; };
		9052C1831D07F53200859D7F /* LaunchScreen.storyboard in Resources */ = {isa = PBXBuildFile; fileRef = 9052C1811D07F53200859D7F /* LaunchScreen.storyboard */; };
		9052C18E1D07F53200859D7F /* BigRedManTests.m in Sources */ = {isa = PBXBuildFile; fileRef = 9052C18D1D07F53200859D7F /* BigRedManTests.m */; };
		9052C1991D07F53200859D7F /* BigRedManUITests.m in Sources */ = {isa = PBXBuildFile; fileRef = 9052C1981D07F53200859D7F /* BigRedManUITests.m */; };
		9052C1AB1D07F5F000859D7F /* RMLoginController.m in Sources */ = {isa = PBXBuildFile; fileRef = 9052C1AA1D07F5F000859D7F /* RMLoginController.m */; };
		9052C1BF1D07F67B00859D7F /* NSDate+Category.m in Sources */ = {isa = PBXBuildFile; fileRef = 9052C1B01D07F67B00859D7F /* NSDate+Category.m */; };
		9052C1C01D07F67B00859D7F /* NSDateFormatter+Category.m in Sources */ = {isa = PBXBuildFile; fileRef = 9052C1B21D07F67B00859D7F /* NSDateFormatter+Category.m */; };
		9052C1C11D07F67B00859D7F /* NSString+XHMD5.m in Sources */ = {isa = PBXBuildFile; fileRef = 9052C1B41D07F67B00859D7F /* NSString+XHMD5.m */; };
		9052C1C51D07F67B00859D7F /* UIColor+XYStyle.m in Sources */ = {isa = PBXBuildFile; fileRef = 9052C1BC1D07F67B00859D7F /* UIColor+XYStyle.m */; };
		9052C1C61D07F67B00859D7F /* RMTextField.m in Sources */ = {isa = PBXBuildFile; fileRef = 9052C1BE1D07F67B00859D7F /* RMTextField.m */; };
		9052C1CB1D07F69200859D7F /* RMServer.m in Sources */ = {isa = PBXBuildFile; fileRef = 9052C1C81D07F69200859D7F /* RMServer.m */; };
		9052C1CC1D07F69200859D7F /* RMUpLoadItem.m in Sources */ = {isa = PBXBuildFile; fileRef = 9052C1CA1D07F69200859D7F /* RMUpLoadItem.m */; };
		9052C1D01D07F69900859D7F /* RMPhotoImage.m in Sources */ = {isa = PBXBuildFile; fileRef = 9052C1CF1D07F69900859D7F /* RMPhotoImage.m */; };
		9052C1E11D07F6A700859D7F /* TAAbstractDotView.m in Sources */ = {isa = PBXBuildFile; fileRef = 9052C1D41D07F6A700859D7F /* TAAbstractDotView.m */; };
		9052C1E21D07F6A700859D7F /* TAAnimatedDotView.m in Sources */ = {isa = PBXBuildFile; fileRef = 9052C1D61D07F6A700859D7F /* TAAnimatedDotView.m */; };
		9052C1E31D07F6A700859D7F /* TADotView.m in Sources */ = {isa = PBXBuildFile; fileRef = 9052C1D81D07F6A700859D7F /* TADotView.m */; };
		9052C1E41D07F6A700859D7F /* TAPageControl.m in Sources */ = {isa = PBXBuildFile; fileRef = 9052C1DA1D07F6A700859D7F /* TAPageControl.m */; };
		9052C1E51D07F6A700859D7F /* SDCollectionViewCell.m in Sources */ = {isa = PBXBuildFile; fileRef = 9052C1DC1D07F6A700859D7F /* SDCollectionViewCell.m */; };
		9052C1E61D07F6A700859D7F /* SDCycleScrollView.m in Sources */ = {isa = PBXBuildFile; fileRef = 9052C1DE1D07F6A700859D7F /* SDCycleScrollView.m */; };
		9052C1E71D07F6A700859D7F /* UIView+SDExtension.m in Sources */ = {isa = PBXBuildFile; fileRef = 9052C1E01D07F6A700859D7F /* UIView+SDExtension.m */; };
		9052C1EB1D07F90E00859D7F /* RMNavigationController.m in Sources */ = {isa = PBXBuildFile; fileRef = 9052C1EA1D07F90E00859D7F /* RMNavigationController.m */; };
		9052C1F71D0807F700859D7F /* iconfont-shouji@3x.png in Resources */ = {isa = PBXBuildFile; fileRef = 9052C1F21D0807F700859D7F /* iconfont-shouji@3x.png */; };
		9052C1F81D0807F700859D7F /* iconfont-yanzhengmaicon@3x.png in Resources */ = {isa = PBXBuildFile; fileRef = 9052C1F31D0807F700859D7F /* iconfont-yanzhengmaicon@3x.png */; };
		9052C1F91D0807F700859D7F /* 秀域标志-01@3x.png in Resources */ = {isa = PBXBuildFile; fileRef = 9052C1F41D0807F700859D7F /* 秀域标志-01@3x.png */; };
		9052C1FA1D0807F700859D7F /* 立即体验@2x.png in Resources */ = {isa = PBXBuildFile; fileRef = 9052C1F51D0807F700859D7F /* 立即体验@2x.png */; };
		9052C1FB1D0807F700859D7F /* 立即体验@3x.png in Resources */ = {isa = PBXBuildFile; fileRef = 9052C1F61D0807F700859D7F /* 立即体验@3x.png */; };
		9085E6AB1D0CF95800561E93 /* background.png in Resources */ = {isa = PBXBuildFile; fileRef = 9085E6AA1D0CF95800561E93 /* background.png */; };
		9085E6B31D0D280100561E93 /* RMRNavigationBarView.m in Sources */ = {isa = PBXBuildFile; fileRef = 9085E6B21D0D280100561E93 /* RMRNavigationBarView.m */; };
		C8F24BA11D0BDD3400D91606 /* RMTabBarViewController.m in Sources */ = {isa = PBXBuildFile; fileRef = C8F24BA01D0BDD3400D91606 /* RMTabBarViewController.m */; };
		C8F24BA41D0BDF6400D91606 /* RMTabBar.m in Sources */ = {isa = PBXBuildFile; fileRef = C8F24BA31D0BDF6400D91606 /* RMTabBar.m */; };
		C8F24BB31D0BF20600D91606 /* tab_live_i@2x.png in Resources */ = {isa = PBXBuildFile; fileRef = C8F24BA71D0BF20600D91606 /* tab_live_i@2x.png */; };
		C8F24BB41D0BF20600D91606 /* tab_live_p@2x.png in Resources */ = {isa = PBXBuildFile; fileRef = C8F24BA81D0BF20600D91606 /* tab_live_p@2x.png */; };
		C8F24BB51D0BF20600D91606 /* tab_me@2x.png in Resources */ = {isa = PBXBuildFile; fileRef = C8F24BA91D0BF20600D91606 /* tab_me@2x.png */; };
		C8F24BB61D0BF20600D91606 /* tab_me@3x.png in Resources */ = {isa = PBXBuildFile; fileRef = C8F24BAA1D0BF20600D91606 /* tab_me@3x.png */; };
		C8F24BB81D0BF20600D91606 /* tab_me_p@2x.png in Resources */ = {isa = PBXBuildFile; fileRef = C8F24BAC1D0BF20600D91606 /* tab_me_p@2x.png */; };
		C8F24BB91D0BF20600D91606 /* tab_me_p@3x.png in Resources */ = {isa = PBXBuildFile; fileRef = C8F24BAD1D0BF20600D91606 /* tab_me_p@3x.png */; };
		C8F24BBB1D0BF20600D91606 /* tab_room@2x.png in Resources */ = {isa = PBXBuildFile; fileRef = C8F24BAF1D0BF20600D91606 /* tab_room@2x.png */; };
		C8F24BBC1D0BF20600D91606 /* tab_room@3x.png in Resources */ = {isa = PBXBuildFile; fileRef = C8F24BB01D0BF20600D91606 /* tab_room@3x.png */; };
		C8F24BBD1D0BF20600D91606 /* tab_room_p@2x.png in Resources */ = {isa = PBXBuildFile; fileRef = C8F24BB11D0BF20600D91606 /* tab_room_p@2x.png */; };
		C8F24BBE1D0BF20600D91606 /* tab_room_p@3x.png in Resources */ = {isa = PBXBuildFile; fileRef = C8F24BB21D0BF20600D91606 /* tab_room_p@3x.png */; };
		C8F24BC11D0C29EC00D91606 /* loading.bundle in Resources */ = {isa = PBXBuildFile; fileRef = C8F24BC01D0C29EC00D91606 /* loading.bundle */; };
		C8F24BC41D0C2F6800D91606 /* HomeController.m in Sources */ = {isa = PBXBuildFile; fileRef = C8F24BC31D0C2F6800D91606 /* HomeController.m */; };
		C8F24BC71D0C5E5E00D91606 /* RMUser.m in Sources */ = {isa = PBXBuildFile; fileRef = C8F24BC61D0C5E5E00D91606 /* RMUser.m */; };
		C8F24BCF1D0C651A00D91606 /* Lockbox.m in Sources */ = {isa = PBXBuildFile; fileRef = C8F24BCC1D0C651A00D91606 /* Lockbox.m */; };
/* End PBXBuildFile section */

/* Begin PBXContainerItemProxy section */
		9052C18A1D07F53200859D7F /* PBXContainerItemProxy */ = {
			isa = PBXContainerItemProxy;
			containerPortal = 9052C1681D07F53200859D7F /* Project object */;
			proxyType = 1;
			remoteGlobalIDString = 9052C16F1D07F53200859D7F;
			remoteInfo = BigRedMan;
		};
		9052C1951D07F53200859D7F /* PBXContainerItemProxy */ = {
			isa = PBXContainerItemProxy;
			containerPortal = 9052C1681D07F53200859D7F /* Project object */;
			proxyType = 1;
			remoteGlobalIDString = 9052C16F1D07F53200859D7F;
			remoteInfo = BigRedMan;
		};
/* End PBXContainerItemProxy section */

/* Begin PBXFileReference section */
		50FCA82E654BF133F392985E /* libPods.a */ = {isa = PBXFileReference; explicitFileType = archive.ar; includeInIndex = 0; path = libPods.a; sourceTree = BUILT_PRODUCTS_DIR; };
		9052C1701D07F53200859D7F /* BigRedMan.app */ = {isa = PBXFileReference; explicitFileType = wrapper.application; includeInIndex = 0; path = BigRedMan.app; sourceTree = BUILT_PRODUCTS_DIR; };
		9052C1741D07F53200859D7F /* main.m */ = {isa = PBXFileReference; lastKnownFileType = sourcecode.c.objc; path = main.m; sourceTree = "<group>"; };
		9052C1761D07F53200859D7F /* RMAppDelegate.h */ = {isa = PBXFileReference; lastKnownFileType = sourcecode.c.h; name = RMAppDelegate.h; path = ../RMAppDelegate.h; sourceTree = "<group>"; };
		9052C1771D07F53200859D7F /* RMAppDelegate.m */ = {isa = PBXFileReference; lastKnownFileType = sourcecode.c.objc; name = RMAppDelegate.m; path = ../RMAppDelegate.m; sourceTree = "<group>"; };
		9052C17D1D07F53200859D7F /* Base */ = {isa = PBXFileReference; lastKnownFileType = file.storyboard; name = Base; path = Base.lproj/Main.storyboard; sourceTree = "<group>"; };
		9052C17F1D07F53200859D7F /* Assets.xcassets */ = {isa = PBXFileReference; lastKnownFileType = folder.assetcatalog; path = Assets.xcassets; sourceTree = "<group>"; };
		9052C1821D07F53200859D7F /* Base */ = {isa = PBXFileReference; lastKnownFileType = file.storyboard; name = Base; path = Base.lproj/LaunchScreen.storyboard; sourceTree = "<group>"; };
		9052C1841D07F53200859D7F /* Info.plist */ = {isa = PBXFileReference; lastKnownFileType = text.plist.xml; path = Info.plist; sourceTree = "<group>"; };
		9052C1891D07F53200859D7F /* BigRedManTests.xctest */ = {isa = PBXFileReference; explicitFileType = wrapper.cfbundle; includeInIndex = 0; path = BigRedManTests.xctest; sourceTree = BUILT_PRODUCTS_DIR; };
		9052C18D1D07F53200859D7F /* BigRedManTests.m */ = {isa = PBXFileReference; lastKnownFileType = sourcecode.c.objc; path = BigRedManTests.m; sourceTree = "<group>"; };
		9052C18F1D07F53200859D7F /* Info.plist */ = {isa = PBXFileReference; lastKnownFileType = text.plist.xml; path = Info.plist; sourceTree = "<group>"; };
		9052C1941D07F53200859D7F /* BigRedManUITests.xctest */ = {isa = PBXFileReference; explicitFileType = wrapper.cfbundle; includeInIndex = 0; path = BigRedManUITests.xctest; sourceTree = BUILT_PRODUCTS_DIR; };
		9052C1981D07F53200859D7F /* BigRedManUITests.m */ = {isa = PBXFileReference; lastKnownFileType = sourcecode.c.objc; path = BigRedManUITests.m; sourceTree = "<group>"; };
		9052C19A1D07F53200859D7F /* Info.plist */ = {isa = PBXFileReference; lastKnownFileType = text.plist.xml; path = Info.plist; sourceTree = "<group>"; };
		9052C1A91D07F5F000859D7F /* RMLoginController.h */ = {isa = PBXFileReference; fileEncoding = 4; lastKnownFileType = sourcecode.c.h; path = RMLoginController.h; sourceTree = "<group>"; };
		9052C1AA1D07F5F000859D7F /* RMLoginController.m */ = {isa = PBXFileReference; fileEncoding = 4; lastKnownFileType = sourcecode.c.objc; path = RMLoginController.m; sourceTree = "<group>"; };
		9052C1AF1D07F67B00859D7F /* NSDate+Category.h */ = {isa = PBXFileReference; fileEncoding = 4; lastKnownFileType = sourcecode.c.h; path = "NSDate+Category.h"; sourceTree = "<group>"; };
		9052C1B01D07F67B00859D7F /* NSDate+Category.m */ = {isa = PBXFileReference; fileEncoding = 4; lastKnownFileType = sourcecode.c.objc; path = "NSDate+Category.m"; sourceTree = "<group>"; };
		9052C1B11D07F67B00859D7F /* NSDateFormatter+Category.h */ = {isa = PBXFileReference; fileEncoding = 4; lastKnownFileType = sourcecode.c.h; path = "NSDateFormatter+Category.h"; sourceTree = "<group>"; };
		9052C1B21D07F67B00859D7F /* NSDateFormatter+Category.m */ = {isa = PBXFileReference; fileEncoding = 4; lastKnownFileType = sourcecode.c.objc; path = "NSDateFormatter+Category.m"; sourceTree = "<group>"; };
		9052C1B31D07F67B00859D7F /* NSString+XHMD5.h */ = {isa = PBXFileReference; fileEncoding = 4; lastKnownFileType = sourcecode.c.h; path = "NSString+XHMD5.h"; sourceTree = "<group>"; };
		9052C1B41D07F67B00859D7F /* NSString+XHMD5.m */ = {isa = PBXFileReference; fileEncoding = 4; lastKnownFileType = sourcecode.c.objc; path = "NSString+XHMD5.m"; sourceTree = "<group>"; };
		9052C1BB1D07F67B00859D7F /* UIColor+XYStyle.h */ = {isa = PBXFileReference; fileEncoding = 4; lastKnownFileType = sourcecode.c.h; path = "UIColor+XYStyle.h"; sourceTree = "<group>"; };
		9052C1BC1D07F67B00859D7F /* UIColor+XYStyle.m */ = {isa = PBXFileReference; fileEncoding = 4; lastKnownFileType = sourcecode.c.objc; path = "UIColor+XYStyle.m"; sourceTree = "<group>"; };
		9052C1BD1D07F67B00859D7F /* RMTextField.h */ = {isa = PBXFileReference; fileEncoding = 4; lastKnownFileType = sourcecode.c.h; path = RMTextField.h; sourceTree = "<group>"; };
		9052C1BE1D07F67B00859D7F /* RMTextField.m */ = {isa = PBXFileReference; fileEncoding = 4; lastKnownFileType = sourcecode.c.objc; path = RMTextField.m; sourceTree = "<group>"; };
		9052C1C71D07F69200859D7F /* RMServer.h */ = {isa = PBXFileReference; fileEncoding = 4; lastKnownFileType = sourcecode.c.h; path = RMServer.h; sourceTree = "<group>"; };
		9052C1C81D07F69200859D7F /* RMServer.m */ = {isa = PBXFileReference; fileEncoding = 4; lastKnownFileType = sourcecode.c.objc; path = RMServer.m; sourceTree = "<group>"; };
		9052C1C91D07F69200859D7F /* RMUpLoadItem.h */ = {isa = PBXFileReference; fileEncoding = 4; lastKnownFileType = sourcecode.c.h; path = RMUpLoadItem.h; sourceTree = "<group>"; };
		9052C1CA1D07F69200859D7F /* RMUpLoadItem.m */ = {isa = PBXFileReference; fileEncoding = 4; lastKnownFileType = sourcecode.c.objc; path = RMUpLoadItem.m; sourceTree = "<group>"; };
		9052C1CE1D07F69900859D7F /* RMPhotoImage.h */ = {isa = PBXFileReference; fileEncoding = 4; lastKnownFileType = sourcecode.c.h; path = RMPhotoImage.h; sourceTree = "<group>"; };
		9052C1CF1D07F69900859D7F /* RMPhotoImage.m */ = {isa = PBXFileReference; fileEncoding = 4; lastKnownFileType = sourcecode.c.objc; path = RMPhotoImage.m; sourceTree = "<group>"; };
		9052C1D31D07F6A700859D7F /* TAAbstractDotView.h */ = {isa = PBXFileReference; fileEncoding = 4; lastKnownFileType = sourcecode.c.h; path = TAAbstractDotView.h; sourceTree = "<group>"; };
		9052C1D41D07F6A700859D7F /* TAAbstractDotView.m */ = {isa = PBXFileReference; fileEncoding = 4; lastKnownFileType = sourcecode.c.objc; path = TAAbstractDotView.m; sourceTree = "<group>"; };
		9052C1D51D07F6A700859D7F /* TAAnimatedDotView.h */ = {isa = PBXFileReference; fileEncoding = 4; lastKnownFileType = sourcecode.c.h; path = TAAnimatedDotView.h; sourceTree = "<group>"; };
		9052C1D61D07F6A700859D7F /* TAAnimatedDotView.m */ = {isa = PBXFileReference; fileEncoding = 4; lastKnownFileType = sourcecode.c.objc; path = TAAnimatedDotView.m; sourceTree = "<group>"; };
		9052C1D71D07F6A700859D7F /* TADotView.h */ = {isa = PBXFileReference; fileEncoding = 4; lastKnownFileType = sourcecode.c.h; path = TADotView.h; sourceTree = "<group>"; };
		9052C1D81D07F6A700859D7F /* TADotView.m */ = {isa = PBXFileReference; fileEncoding = 4; lastKnownFileType = sourcecode.c.objc; path = TADotView.m; sourceTree = "<group>"; };
		9052C1D91D07F6A700859D7F /* TAPageControl.h */ = {isa = PBXFileReference; fileEncoding = 4; lastKnownFileType = sourcecode.c.h; path = TAPageControl.h; sourceTree = "<group>"; };
		9052C1DA1D07F6A700859D7F /* TAPageControl.m */ = {isa = PBXFileReference; fileEncoding = 4; lastKnownFileType = sourcecode.c.objc; path = TAPageControl.m; sourceTree = "<group>"; };
		9052C1DB1D07F6A700859D7F /* SDCollectionViewCell.h */ = {isa = PBXFileReference; fileEncoding = 4; lastKnownFileType = sourcecode.c.h; path = SDCollectionViewCell.h; sourceTree = "<group>"; };
		9052C1DC1D07F6A700859D7F /* SDCollectionViewCell.m */ = {isa = PBXFileReference; fileEncoding = 4; lastKnownFileType = sourcecode.c.objc; path = SDCollectionViewCell.m; sourceTree = "<group>"; };
		9052C1DD1D07F6A700859D7F /* SDCycleScrollView.h */ = {isa = PBXFileReference; fileEncoding = 4; lastKnownFileType = sourcecode.c.h; path = SDCycleScrollView.h; sourceTree = "<group>"; };
		9052C1DE1D07F6A700859D7F /* SDCycleScrollView.m */ = {isa = PBXFileReference; fileEncoding = 4; lastKnownFileType = sourcecode.c.objc; path = SDCycleScrollView.m; sourceTree = "<group>"; };
		9052C1DF1D07F6A700859D7F /* UIView+SDExtension.h */ = {isa = PBXFileReference; fileEncoding = 4; lastKnownFileType = sourcecode.c.h; path = "UIView+SDExtension.h"; sourceTree = "<group>"; };
		9052C1E01D07F6A700859D7F /* UIView+SDExtension.m */ = {isa = PBXFileReference; fileEncoding = 4; lastKnownFileType = sourcecode.c.objc; path = "UIView+SDExtension.m"; sourceTree = "<group>"; };
		9052C1E91D07F90E00859D7F /* RMNavigationController.h */ = {isa = PBXFileReference; fileEncoding = 4; lastKnownFileType = sourcecode.c.h; path = RMNavigationController.h; sourceTree = "<group>"; };
		9052C1EA1D07F90E00859D7F /* RMNavigationController.m */ = {isa = PBXFileReference; fileEncoding = 4; lastKnownFileType = sourcecode.c.objc; path = RMNavigationController.m; sourceTree = "<group>"; };
		9052C1EC1D07F9CC00859D7F /* RMGlobal.h */ = {isa = PBXFileReference; lastKnownFileType = sourcecode.c.h; path = RMGlobal.h; sourceTree = "<group>"; };
		9052C1F21D0807F700859D7F /* iconfont-shouji@3x.png */ = {isa = PBXFileReference; lastKnownFileType = image.png; path = "iconfont-shouji@3x.png"; sourceTree = "<group>"; };
		9052C1F31D0807F700859D7F /* iconfont-yanzhengmaicon@3x.png */ = {isa = PBXFileReference; lastKnownFileType = image.png; path = "iconfont-yanzhengmaicon@3x.png"; sourceTree = "<group>"; };
		9052C1F41D0807F700859D7F /* 秀域标志-01@3x.png */ = {isa = PBXFileReference; lastKnownFileType = image.png; path = "秀域标志-01@3x.png"; sourceTree = "<group>"; };
		9052C1F51D0807F700859D7F /* 立即体验@2x.png */ = {isa = PBXFileReference; lastKnownFileType = image.png; path = "立即体验@2x.png"; sourceTree = "<group>"; };
		9052C1F61D0807F700859D7F /* 立即体验@3x.png */ = {isa = PBXFileReference; lastKnownFileType = image.png; path = "立即体验@3x.png"; sourceTree = "<group>"; };
		9085E6AA1D0CF95800561E93 /* background.png */ = {isa = PBXFileReference; lastKnownFileType = image.png; path = background.png; sourceTree = "<group>"; };
		9085E6B11D0D280100561E93 /* RMRNavigationBarView.h */ = {isa = PBXFileReference; fileEncoding = 4; lastKnownFileType = sourcecode.c.h; path = RMRNavigationBarView.h; sourceTree = "<group>"; };
		9085E6B21D0D280100561E93 /* RMRNavigationBarView.m */ = {isa = PBXFileReference; fileEncoding = 4; lastKnownFileType = sourcecode.c.objc; path = RMRNavigationBarView.m; sourceTree = "<group>"; };
		AE1371F1BA7F1EF73D20AC7A /* Pods.debug.xcconfig */ = {isa = PBXFileReference; includeInIndex = 1; lastKnownFileType = text.xcconfig; name = Pods.debug.xcconfig; path = "Pods/Target Support Files/Pods/Pods.debug.xcconfig"; sourceTree = "<group>"; };
		C8F24B9F1D0BDD3400D91606 /* RMTabBarViewController.h */ = {isa = PBXFileReference; fileEncoding = 4; lastKnownFileType = sourcecode.c.h; path = RMTabBarViewController.h; sourceTree = "<group>"; };
		C8F24BA01D0BDD3400D91606 /* RMTabBarViewController.m */ = {isa = PBXFileReference; fileEncoding = 4; lastKnownFileType = sourcecode.c.objc; path = RMTabBarViewController.m; sourceTree = "<group>"; };
		C8F24BA21D0BDF6400D91606 /* RMTabBar.h */ = {isa = PBXFileReference; fileEncoding = 4; lastKnownFileType = sourcecode.c.h; path = RMTabBar.h; sourceTree = "<group>"; };
		C8F24BA31D0BDF6400D91606 /* RMTabBar.m */ = {isa = PBXFileReference; fileEncoding = 4; lastKnownFileType = sourcecode.c.objc; path = RMTabBar.m; sourceTree = "<group>"; };
		C8F24BA51D0BE2A800D91606 /* RMPrefixHeader.pch */ = {isa = PBXFileReference; lastKnownFileType = sourcecode.c.h; path = RMPrefixHeader.pch; sourceTree = "<group>"; };
		C8F24BA71D0BF20600D91606 /* tab_live_i@2x.png */ = {isa = PBXFileReference; lastKnownFileType = image.png; path = "tab_live_i@2x.png"; sourceTree = "<group>"; };
		C8F24BA81D0BF20600D91606 /* tab_live_p@2x.png */ = {isa = PBXFileReference; lastKnownFileType = image.png; path = "tab_live_p@2x.png"; sourceTree = "<group>"; };
		C8F24BA91D0BF20600D91606 /* tab_me@2x.png */ = {isa = PBXFileReference; lastKnownFileType = image.png; path = "tab_me@2x.png"; sourceTree = "<group>"; };
		C8F24BAA1D0BF20600D91606 /* tab_me@3x.png */ = {isa = PBXFileReference; lastKnownFileType = image.png; path = "tab_me@3x.png"; sourceTree = "<group>"; };
		C8F24BAC1D0BF20600D91606 /* tab_me_p@2x.png */ = {isa = PBXFileReference; lastKnownFileType = image.png; path = "tab_me_p@2x.png"; sourceTree = "<group>"; };
		C8F24BAD1D0BF20600D91606 /* tab_me_p@3x.png */ = {isa = PBXFileReference; lastKnownFileType = image.png; path = "tab_me_p@3x.png"; sourceTree = "<group>"; };
		C8F24BAF1D0BF20600D91606 /* tab_room@2x.png */ = {isa = PBXFileReference; lastKnownFileType = image.png; path = "tab_room@2x.png"; sourceTree = "<group>"; };
		C8F24BB01D0BF20600D91606 /* tab_room@3x.png */ = {isa = PBXFileReference; lastKnownFileType = image.png; path = "tab_room@3x.png"; sourceTree = "<group>"; };
		C8F24BB11D0BF20600D91606 /* tab_room_p@2x.png */ = {isa = PBXFileReference; lastKnownFileType = image.png; path = "tab_room_p@2x.png"; sourceTree = "<group>"; };
		C8F24BB21D0BF20600D91606 /* tab_room_p@3x.png */ = {isa = PBXFileReference; lastKnownFileType = image.png; path = "tab_room_p@3x.png"; sourceTree = "<group>"; };
		C8F24BC01D0C29EC00D91606 /* loading.bundle */ = {isa = PBXFileReference; lastKnownFileType = "wrapper.plug-in"; path = loading.bundle; sourceTree = "<group>"; };
		C8F24BC21D0C2F6800D91606 /* HomeController.h */ = {isa = PBXFileReference; fileEncoding = 4; lastKnownFileType = sourcecode.c.h; path = HomeController.h; sourceTree = "<group>"; };
		C8F24BC31D0C2F6800D91606 /* HomeController.m */ = {isa = PBXFileReference; fileEncoding = 4; lastKnownFileType = sourcecode.c.objc; path = HomeController.m; sourceTree = "<group>"; };
		C8F24BC51D0C5E5E00D91606 /* RMUser.h */ = {isa = PBXFileReference; fileEncoding = 4; lastKnownFileType = sourcecode.c.h; path = RMUser.h; sourceTree = "<group>"; };
		C8F24BC61D0C5E5E00D91606 /* RMUser.m */ = {isa = PBXFileReference; fileEncoding = 4; lastKnownFileType = sourcecode.c.objc; path = RMUser.m; sourceTree = "<group>"; };
		C8F24BCB1D0C651A00D91606 /* Lockbox.h */ = {isa = PBXFileReference; fileEncoding = 4; lastKnownFileType = sourcecode.c.h; path = Lockbox.h; sourceTree = "<group>"; };
		C8F24BCC1D0C651A00D91606 /* Lockbox.m */ = {isa = PBXFileReference; fileEncoding = 4; lastKnownFileType = sourcecode.c.objc; path = Lockbox.m; sourceTree = "<group>"; };
		F404D8A1DC66AB2355F32C75 /* Pods.release.xcconfig */ = {isa = PBXFileReference; includeInIndex = 1; lastKnownFileType = text.xcconfig; name = Pods.release.xcconfig; path = "Pods/Target Support Files/Pods/Pods.release.xcconfig"; sourceTree = "<group>"; };
/* End PBXFileReference section */

/* Begin PBXFrameworksBuildPhase section */
		9052C16D1D07F53200859D7F /* Frameworks */ = {
			isa = PBXFrameworksBuildPhase;
			buildActionMask = 2147483647;
			files = (
				833CF7B1C7664DD9F544F859 /* libPods.a in Frameworks */,
			);
			runOnlyForDeploymentPostprocessing = 0;
		};
		9052C1861D07F53200859D7F /* Frameworks */ = {
			isa = PBXFrameworksBuildPhase;
			buildActionMask = 2147483647;
			files = (
			);
			runOnlyForDeploymentPostprocessing = 0;
		};
		9052C1911D07F53200859D7F /* Frameworks */ = {
			isa = PBXFrameworksBuildPhase;
			buildActionMask = 2147483647;
			files = (
			);
			runOnlyForDeploymentPostprocessing = 0;
		};
/* End PBXFrameworksBuildPhase section */

/* Begin PBXGroup section */
		46398E25925AAAD6D73034FB /* Pods */ = {
			isa = PBXGroup;
			children = (
				AE1371F1BA7F1EF73D20AC7A /* Pods.debug.xcconfig */,
				F404D8A1DC66AB2355F32C75 /* Pods.release.xcconfig */,
			);
			name = Pods;
			sourceTree = "<group>";
		};
		6EC9C8929D4EFAAAF8099629 /* Frameworks */ = {
			isa = PBXGroup;
			children = (
				50FCA82E654BF133F392985E /* libPods.a */,
			);
			name = Frameworks;
			sourceTree = "<group>";
		};
		9052C1671D07F53200859D7F = {
			isa = PBXGroup;
			children = (
				9052C1721D07F53200859D7F /* BigRedMan */,
				9052C18C1D07F53200859D7F /* BigRedManTests */,
				9052C1971D07F53200859D7F /* BigRedManUITests */,
				9052C1711D07F53200859D7F /* Products */,
				46398E25925AAAD6D73034FB /* Pods */,
				6EC9C8929D4EFAAAF8099629 /* Frameworks */,
			);
			sourceTree = "<group>";
		};
		9052C1711D07F53200859D7F /* Products */ = {
			isa = PBXGroup;
			children = (
				9052C1701D07F53200859D7F /* BigRedMan.app */,
				9052C1891D07F53200859D7F /* BigRedManTests.xctest */,
				9052C1941D07F53200859D7F /* BigRedManUITests.xctest */,
			);
			name = Products;
			sourceTree = "<group>";
		};
		9052C1721D07F53200859D7F /* BigRedMan */ = {
			isa = PBXGroup;
			children = (
				9052C1F01D0807EC00859D7F /* Resources */,
				9052C1ED1D08019E00859D7F /* Classes */,
				9052C17C1D07F53200859D7F /* Main.storyboard */,
				9052C17F1D07F53200859D7F /* Assets.xcassets */,
				9052C1811D07F53200859D7F /* LaunchScreen.storyboard */,
				9052C1841D07F53200859D7F /* Info.plist */,
				9052C1731D07F53200859D7F /* Supporting Files */,
			);
			path = BigRedMan;
			sourceTree = "<group>";
		};
		9052C1731D07F53200859D7F /* Supporting Files */ = {
			isa = PBXGroup;
			children = (
				9052C1741D07F53200859D7F /* main.m */,
			);
			name = "Supporting Files";
			sourceTree = "<group>";
		};
		9052C18C1D07F53200859D7F /* BigRedManTests */ = {
			isa = PBXGroup;
			children = (
				9052C18D1D07F53200859D7F /* BigRedManTests.m */,
				9052C18F1D07F53200859D7F /* Info.plist */,
			);
			path = BigRedManTests;
			sourceTree = "<group>";
		};
		9052C1971D07F53200859D7F /* BigRedManUITests */ = {
			isa = PBXGroup;
			children = (
				9052C1981D07F53200859D7F /* BigRedManUITests.m */,
				9052C19A1D07F53200859D7F /* Info.plist */,
			);
			path = BigRedManUITests;
			sourceTree = "<group>";
		};
		9052C1A61D07F59D00859D7F /* Appdelegate */ = {
			isa = PBXGroup;
			children = (
				9052C1E91D07F90E00859D7F /* RMNavigationController.h */,
				9052C1EA1D07F90E00859D7F /* RMNavigationController.m */,
				9052C1761D07F53200859D7F /* RMAppDelegate.h */,
				9052C1771D07F53200859D7F /* RMAppDelegate.m */,
				C8F24B9F1D0BDD3400D91606 /* RMTabBarViewController.h */,
				C8F24BA01D0BDD3400D91606 /* RMTabBarViewController.m */,
				C8F24BA21D0BDF6400D91606 /* RMTabBar.h */,
				C8F24BA31D0BDF6400D91606 /* RMTabBar.m */,
			);
			name = Appdelegate;
			path = ../Appdelegate;
			sourceTree = "<group>";
		};
		9052C1A71D07F5A600859D7F /* Controller */ = {
			isa = PBXGroup;
			children = (
				9052C1FC1D081B3B00859D7F /* HomeController */,
				9052C1A81D07F5DF00859D7F /* LoginController */,
			);
			name = Controller;
			path = ../Controller;
			sourceTree = "<group>";
		};
		9052C1A81D07F5DF00859D7F /* LoginController */ = {
			isa = PBXGroup;
			children = (
				9052C1A91D07F5F000859D7F /* RMLoginController.h */,
				9052C1AA1D07F5F000859D7F /* RMLoginController.m */,
			);
			path = LoginController;
			sourceTree = "<group>";
		};
		9052C1AC1D07F66000859D7F /* Others */ = {
			isa = PBXGroup;
			children = (
				9085E6B01D0D280100561E93 /* RMRNavigationBarView */,
				C8F24BC81D0C651A00D91606 /* Lockbox */,
				9052C1D11D07F6A700859D7F /* SDCycleScrollView */,
				9052C1CD1D07F69900859D7F /* Photo */,
				9052C1AE1D07F67B00859D7F /* Global */,
				9052C1AD1D07F66400859D7F /* NetWorking */,
			);
			name = Others;
			path = ../Others;
			sourceTree = "<group>";
		};
		9052C1AD1D07F66400859D7F /* NetWorking */ = {
			isa = PBXGroup;
			children = (
				9052C1C71D07F69200859D7F /* RMServer.h */,
				9052C1C81D07F69200859D7F /* RMServer.m */,
				9052C1C91D07F69200859D7F /* RMUpLoadItem.h */,
				9052C1CA1D07F69200859D7F /* RMUpLoadItem.m */,
			);
			path = NetWorking;
			sourceTree = "<group>";
		};
		9052C1AE1D07F67B00859D7F /* Global */ = {
			isa = PBXGroup;
			children = (
				9052C1EC1D07F9CC00859D7F /* RMGlobal.h */,
				9052C1AF1D07F67B00859D7F /* NSDate+Category.h */,
				9052C1B01D07F67B00859D7F /* NSDate+Category.m */,
				9052C1B11D07F67B00859D7F /* NSDateFormatter+Category.h */,
				9052C1B21D07F67B00859D7F /* NSDateFormatter+Category.m */,
				9052C1B31D07F67B00859D7F /* NSString+XHMD5.h */,
				9052C1B41D07F67B00859D7F /* NSString+XHMD5.m */,
				9052C1BB1D07F67B00859D7F /* UIColor+XYStyle.h */,
				9052C1BC1D07F67B00859D7F /* UIColor+XYStyle.m */,
				9052C1BD1D07F67B00859D7F /* RMTextField.h */,
				9052C1BE1D07F67B00859D7F /* RMTextField.m */,
			);
			path = Global;
			sourceTree = "<group>";
		};
		9052C1CD1D07F69900859D7F /* Photo */ = {
			isa = PBXGroup;
			children = (
				9052C1CE1D07F69900859D7F /* RMPhotoImage.h */,
				9052C1CF1D07F69900859D7F /* RMPhotoImage.m */,
			);
			path = Photo;
			sourceTree = "<group>";
		};
		9052C1D11D07F6A700859D7F /* SDCycleScrollView */ = {
			isa = PBXGroup;
			children = (
				9052C1D21D07F6A700859D7F /* PageControl */,
				9052C1DB1D07F6A700859D7F /* SDCollectionViewCell.h */,
				9052C1DC1D07F6A700859D7F /* SDCollectionViewCell.m */,
				9052C1DD1D07F6A700859D7F /* SDCycleScrollView.h */,
				9052C1DE1D07F6A700859D7F /* SDCycleScrollView.m */,
				9052C1DF1D07F6A700859D7F /* UIView+SDExtension.h */,
				9052C1E01D07F6A700859D7F /* UIView+SDExtension.m */,
			);
			path = SDCycleScrollView;
			sourceTree = "<group>";
		};
		9052C1D21D07F6A700859D7F /* PageControl */ = {
			isa = PBXGroup;
			children = (
				9052C1D31D07F6A700859D7F /* TAAbstractDotView.h */,
				9052C1D41D07F6A700859D7F /* TAAbstractDotView.m */,
				9052C1D51D07F6A700859D7F /* TAAnimatedDotView.h */,
				9052C1D61D07F6A700859D7F /* TAAnimatedDotView.m */,
				9052C1D71D07F6A700859D7F /* TADotView.h */,
				9052C1D81D07F6A700859D7F /* TADotView.m */,
				9052C1D91D07F6A700859D7F /* TAPageControl.h */,
				9052C1DA1D07F6A700859D7F /* TAPageControl.m */,
			);
			path = PageControl;
			sourceTree = "<group>";
		};
		9052C1E81D07F83500859D7F /* Define */ = {
			isa = PBXGroup;
			children = (
				C8F24BA51D0BE2A800D91606 /* RMPrefixHeader.pch */,
			);
			name = Define;
			path = ../Define;
			sourceTree = "<group>";
		};
		9052C1ED1D08019E00859D7F /* Classes */ = {
			isa = PBXGroup;
			children = (
				9052C1A61D07F59D00859D7F /* Appdelegate */,
				9052C1A71D07F5A600859D7F /* Controller */,
				9052C1AC1D07F66000859D7F /* Others */,
				9052C1E81D07F83500859D7F /* Define */,
				9052C1EE1D0801B700859D7F /* Mode */,
			);
			name = Classes;
			path = Class;
			sourceTree = "<group>";
		};
		9052C1EE1D0801B700859D7F /* Mode */ = {
			isa = PBXGroup;
			children = (
				9052C1EF1D08020300859D7F /* User */,
			);
			path = Mode;
			sourceTree = "<group>";
		};
		9052C1EF1D08020300859D7F /* User */ = {
			isa = PBXGroup;
			children = (
				C8F24BC51D0C5E5E00D91606 /* RMUser.h */,
				C8F24BC61D0C5E5E00D91606 /* RMUser.m */,
			);
			path = User;
			sourceTree = "<group>";
		};
		9052C1F01D0807EC00859D7F /* Resources */ = {
			isa = PBXGroup;
			children = (
				9085E6A91D0CF92700561E93 /* HomeController */,
				C8F24BBF1D0C29D600D91606 /* load */,
				C8F24BA61D0BF20600D91606 /* TabBar */,
				9052C1F11D0807F700859D7F /* Login */,
			);
			path = Resources;
			sourceTree = "<group>";
		};
		9052C1F11D0807F700859D7F /* Login */ = {
			isa = PBXGroup;
			children = (
				9052C1F21D0807F700859D7F /* iconfont-shouji@3x.png */,
				9052C1F31D0807F700859D7F /* iconfont-yanzhengmaicon@3x.png */,
				9052C1F41D0807F700859D7F /* 秀域标志-01@3x.png */,
				9052C1F51D0807F700859D7F /* 立即体验@2x.png */,
				9052C1F61D0807F700859D7F /* 立即体验@3x.png */,
			);
			path = Login;
			sourceTree = "<group>";
		};
		9052C1FC1D081B3B00859D7F /* HomeController */ = {
			isa = PBXGroup;
			children = (
				C8F24BC21D0C2F6800D91606 /* HomeController.h */,
				C8F24BC31D0C2F6800D91606 /* HomeController.m */,
			);
			name = HomeController;
			path = LivePlayerController;
			sourceTree = "<group>";
		};
		9085E6A91D0CF92700561E93 /* HomeController */ = {
			isa = PBXGroup;
			children = (
				9085E6AA1D0CF95800561E93 /* background.png */,
			);
			path = HomeController;
			sourceTree = "<group>";
		};
		9085E6B01D0D280100561E93 /* RMRNavigationBarView */ = {
			isa = PBXGroup;
			children = (
				9085E6B11D0D280100561E93 /* RMRNavigationBarView.h */,
				9085E6B21D0D280100561E93 /* RMRNavigationBarView.m */,
			);
			name = RMRNavigationBarView;
			path = GDRNavigationBarView;
			sourceTree = "<group>";
		};
		C8F24BA61D0BF20600D91606 /* TabBar */ = {
			isa = PBXGroup;
			children = (
				C8F24BA71D0BF20600D91606 /* tab_live_i@2x.png */,
				C8F24BA81D0BF20600D91606 /* tab_live_p@2x.png */,
				C8F24BA91D0BF20600D91606 /* tab_me@2x.png */,
				C8F24BAA1D0BF20600D91606 /* tab_me@3x.png */,
				C8F24BAC1D0BF20600D91606 /* tab_me_p@2x.png */,
				C8F24BAD1D0BF20600D91606 /* tab_me_p@3x.png */,
				C8F24BAF1D0BF20600D91606 /* tab_room@2x.png */,
				C8F24BB01D0BF20600D91606 /* tab_room@3x.png */,
				C8F24BB11D0BF20600D91606 /* tab_room_p@2x.png */,
				C8F24BB21D0BF20600D91606 /* tab_room_p@3x.png */,
			);
			path = TabBar;
			sourceTree = "<group>";
		};
		C8F24BBF1D0C29D600D91606 /* load */ = {
			isa = PBXGroup;
			children = (
				C8F24BC01D0C29EC00D91606 /* loading.bundle */,
			);
			path = load;
			sourceTree = "<group>";
		};
		C8F24BC81D0C651A00D91606 /* Lockbox */ = {
			isa = PBXGroup;
			children = (
				C8F24BCB1D0C651A00D91606 /* Lockbox.h */,
				C8F24BCC1D0C651A00D91606 /* Lockbox.m */,
			);
			path = Lockbox;
			sourceTree = "<group>";
		};
/* End PBXGroup section */

/* Begin PBXNativeTarget section */
		9052C16F1D07F53200859D7F /* BigRedMan */ = {
			isa = PBXNativeTarget;
			buildConfigurationList = 9052C19D1D07F53200859D7F /* Build configuration list for PBXNativeTarget "BigRedMan" */;
			buildPhases = (
				EE0A8B5197F1645CB4F4DA6B /* Check Pods Manifest.lock */,
				9052C16C1D07F53200859D7F /* Sources */,
				9052C16D1D07F53200859D7F /* Frameworks */,
				9052C16E1D07F53200859D7F /* Resources */,
				36BE9456886ADE2A0637F1EE /* Embed Pods Frameworks */,
				F2C334B70AF0F79349358E13 /* Copy Pods Resources */,
			);
			buildRules = (
			);
			dependencies = (
			);
			name = BigRedMan;
			productName = BigRedMan;
			productReference = 9052C1701D07F53200859D7F /* BigRedMan.app */;
			productType = "com.apple.product-type.application";
		};
		9052C1881D07F53200859D7F /* BigRedManTests */ = {
			isa = PBXNativeTarget;
			buildConfigurationList = 9052C1A01D07F53200859D7F /* Build configuration list for PBXNativeTarget "BigRedManTests" */;
			buildPhases = (
				9052C1851D07F53200859D7F /* Sources */,
				9052C1861D07F53200859D7F /* Frameworks */,
				9052C1871D07F53200859D7F /* Resources */,
			);
			buildRules = (
			);
			dependencies = (
				9052C18B1D07F53200859D7F /* PBXTargetDependency */,
			);
			name = BigRedManTests;
			productName = BigRedManTests;
			productReference = 9052C1891D07F53200859D7F /* BigRedManTests.xctest */;
			productType = "com.apple.product-type.bundle.unit-test";
		};
		9052C1931D07F53200859D7F /* BigRedManUITests */ = {
			isa = PBXNativeTarget;
			buildConfigurationList = 9052C1A31D07F53200859D7F /* Build configuration list for PBXNativeTarget "BigRedManUITests" */;
			buildPhases = (
				9052C1901D07F53200859D7F /* Sources */,
				9052C1911D07F53200859D7F /* Frameworks */,
				9052C1921D07F53200859D7F /* Resources */,
			);
			buildRules = (
			);
			dependencies = (
				9052C1961D07F53200859D7F /* PBXTargetDependency */,
			);
			name = BigRedManUITests;
			productName = BigRedManUITests;
			productReference = 9052C1941D07F53200859D7F /* BigRedManUITests.xctest */;
			productType = "com.apple.product-type.bundle.ui-testing";
		};
/* End PBXNativeTarget section */

/* Begin PBXProject section */
		9052C1681D07F53200859D7F /* Project object */ = {
			isa = PBXProject;
			attributes = {
				LastUpgradeCheck = 0720;
				ORGANIZATIONNAME = Duanshaoxiong;
				TargetAttributes = {
					9052C16F1D07F53200859D7F = {
						CreatedOnToolsVersion = 7.2.1;
					};
					9052C1881D07F53200859D7F = {
						CreatedOnToolsVersion = 7.2.1;
						TestTargetID = 9052C16F1D07F53200859D7F;
					};
					9052C1931D07F53200859D7F = {
						CreatedOnToolsVersion = 7.2.1;
						TestTargetID = 9052C16F1D07F53200859D7F;
					};
				};
			};
			buildConfigurationList = 9052C16B1D07F53200859D7F /* Build configuration list for PBXProject "BigRedMan" */;
			compatibilityVersion = "Xcode 3.2";
			developmentRegion = English;
			hasScannedForEncodings = 0;
			knownRegions = (
				en,
				Base,
			);
			mainGroup = 9052C1671D07F53200859D7F;
			productRefGroup = 9052C1711D07F53200859D7F /* Products */;
			projectDirPath = "";
			projectRoot = "";
			targets = (
				9052C16F1D07F53200859D7F /* BigRedMan */,
				9052C1881D07F53200859D7F /* BigRedManTests */,
				9052C1931D07F53200859D7F /* BigRedManUITests */,
			);
		};
/* End PBXProject section */

/* Begin PBXResourcesBuildPhase section */
		9052C16E1D07F53200859D7F /* Resources */ = {
			isa = PBXResourcesBuildPhase;
			buildActionMask = 2147483647;
			files = (
				9052C1F81D0807F700859D7F /* iconfont-yanzhengmaicon@3x.png in Resources */,
				9085E6AB1D0CF95800561E93 /* background.png in Resources */,
				C8F24BBE1D0BF20600D91606 /* tab_room_p@3x.png in Resources */,
				9052C1831D07F53200859D7F /* LaunchScreen.storyboard in Resources */,
				C8F24BB51D0BF20600D91606 /* tab_me@2x.png in Resources */,
				9052C1801D07F53200859D7F /* Assets.xcassets in Resources */,
				C8F24BBD1D0BF20600D91606 /* tab_room_p@2x.png in Resources */,
				C8F24BBC1D0BF20600D91606 /* tab_room@3x.png in Resources */,
				C8F24BB31D0BF20600D91606 /* tab_live_i@2x.png in Resources */,
				C8F24BB81D0BF20600D91606 /* tab_me_p@2x.png in Resources */,
				9052C1F91D0807F700859D7F /* 秀域标志-01@3x.png in Resources */,
				C8F24BC11D0C29EC00D91606 /* loading.bundle in Resources */,
				9052C17E1D07F53200859D7F /* Main.storyboard in Resources */,
				C8F24BB61D0BF20600D91606 /* tab_me@3x.png in Resources */,
				9052C1FA1D0807F700859D7F /* 立即体验@2x.png in Resources */,
				9052C1FB1D0807F700859D7F /* 立即体验@3x.png in Resources */,
				9052C1F71D0807F700859D7F /* iconfont-shouji@3x.png in Resources */,
				C8F24BB41D0BF20600D91606 /* tab_live_p@2x.png in Resources */,
				C8F24BBB1D0BF20600D91606 /* tab_room@2x.png in Resources */,
				C8F24BB91D0BF20600D91606 /* tab_me_p@3x.png in Resources */,
			);
			runOnlyForDeploymentPostprocessing = 0;
		};
		9052C1871D07F53200859D7F /* Resources */ = {
			isa = PBXResourcesBuildPhase;
			buildActionMask = 2147483647;
			files = (
			);
			runOnlyForDeploymentPostprocessing = 0;
		};
		9052C1921D07F53200859D7F /* Resources */ = {
			isa = PBXResourcesBuildPhase;
			buildActionMask = 2147483647;
			files = (
			);
			runOnlyForDeploymentPostprocessing = 0;
		};
/* End PBXResourcesBuildPhase section */

/* Begin PBXShellScriptBuildPhase section */
		36BE9456886ADE2A0637F1EE /* Embed Pods Frameworks */ = {
			isa = PBXShellScriptBuildPhase;
			buildActionMask = 2147483647;
			files = (
			);
			inputPaths = (
			);
			name = "Embed Pods Frameworks";
			outputPaths = (
			);
			runOnlyForDeploymentPostprocessing = 0;
			shellPath = /bin/sh;
			shellScript = "\"${SRCROOT}/Pods/Target Support Files/Pods/Pods-frameworks.sh\"\n";
			showEnvVarsInLog = 0;
		};
		EE0A8B5197F1645CB4F4DA6B /* Check Pods Manifest.lock */ = {
			isa = PBXShellScriptBuildPhase;
			buildActionMask = 2147483647;
			files = (
			);
			inputPaths = (
			);
			name = "Check Pods Manifest.lock";
			outputPaths = (
			);
			runOnlyForDeploymentPostprocessing = 0;
			shellPath = /bin/sh;
			shellScript = "diff \"${PODS_ROOT}/../Podfile.lock\" \"${PODS_ROOT}/Manifest.lock\" > /dev/null\nif [[ $? != 0 ]] ; then\n    cat << EOM\nerror: The sandbox is not in sync with the Podfile.lock. Run 'pod install' or update your CocoaPods installation.\nEOM\n    exit 1\nfi\n";
			showEnvVarsInLog = 0;
		};
		F2C334B70AF0F79349358E13 /* Copy Pods Resources */ = {
			isa = PBXShellScriptBuildPhase;
			buildActionMask = 2147483647;
			files = (
			);
			inputPaths = (
			);
			name = "Copy Pods Resources";
			outputPaths = (
			);
			runOnlyForDeploymentPostprocessing = 0;
			shellPath = /bin/sh;
			shellScript = "\"${SRCROOT}/Pods/Target Support Files/Pods/Pods-resources.sh\"\n";
			showEnvVarsInLog = 0;
		};
/* End PBXShellScriptBuildPhase section */

/* Begin PBXSourcesBuildPhase section */
		9052C16C1D07F53200859D7F /* Sources */ = {
			isa = PBXSourcesBuildPhase;
			buildActionMask = 2147483647;
			files = (
				C8F24BC71D0C5E5E00D91606 /* RMUser.m in Sources */,
				9052C1E11D07F6A700859D7F /* TAAbstractDotView.m in Sources */,
				9052C1C61D07F67B00859D7F /* RMTextField.m in Sources */,
				9052C1BF1D07F67B00859D7F /* NSDate+Category.m in Sources */,
				9052C1781D07F53200859D7F /* RMAppDelegate.m in Sources */,
				C8F24BA11D0BDD3400D91606 /* RMTabBarViewController.m in Sources */,
				C8F24BA41D0BDF6400D91606 /* RMTabBar.m in Sources */,
				9052C1C11D07F67B00859D7F /* NSString+XHMD5.m in Sources */,
				9052C1E71D07F6A700859D7F /* UIView+SDExtension.m in Sources */,
				C8F24BC41D0C2F6800D91606 /* HomeController.m in Sources */,
				9052C1E21D07F6A700859D7F /* TAAnimatedDotView.m in Sources */,
				9052C1E51D07F6A700859D7F /* SDCollectionViewCell.m in Sources */,
				9052C1CC1D07F69200859D7F /* RMUpLoadItem.m in Sources */,
				9052C1C01D07F67B00859D7F /* NSDateFormatter+Category.m in Sources */,
				C8F24BCF1D0C651A00D91606 /* Lockbox.m in Sources */,
				9052C1CB1D07F69200859D7F /* RMServer.m in Sources */,
				9052C1D01D07F69900859D7F /* RMPhotoImage.m in Sources */,
				9052C1AB1D07F5F000859D7F /* RMLoginController.m in Sources */,
				9052C1C51D07F67B00859D7F /* UIColor+XYStyle.m in Sources */,
				9052C1E31D07F6A700859D7F /* TADotView.m in Sources */,
				9052C1751D07F53200859D7F /* main.m in Sources */,
				9052C1E41D07F6A700859D7F /* TAPageControl.m in Sources */,
				9052C1E61D07F6A700859D7F /* SDCycleScrollView.m in Sources */,
				9052C1EB1D07F90E00859D7F /* RMNavigationController.m in Sources */,
				9085E6B31D0D280100561E93 /* RMRNavigationBarView.m in Sources */,
			);
			runOnlyForDeploymentPostprocessing = 0;
		};
		9052C1851D07F53200859D7F /* Sources */ = {
			isa = PBXSourcesBuildPhase;
			buildActionMask = 2147483647;
			files = (
				9052C18E1D07F53200859D7F /* BigRedManTests.m in Sources */,
			);
			runOnlyForDeploymentPostprocessing = 0;
		};
		9052C1901D07F53200859D7F /* Sources */ = {
			isa = PBXSourcesBuildPhase;
			buildActionMask = 2147483647;
			files = (
				9052C1991D07F53200859D7F /* BigRedManUITests.m in Sources */,
			);
			runOnlyForDeploymentPostprocessing = 0;
		};
/* End PBXSourcesBuildPhase section */

/* Begin PBXTargetDependency section */
		9052C18B1D07F53200859D7F /* PBXTargetDependency */ = {
			isa = PBXTargetDependency;
			target = 9052C16F1D07F53200859D7F /* BigRedMan */;
			targetProxy = 9052C18A1D07F53200859D7F /* PBXContainerItemProxy */;
		};
		9052C1961D07F53200859D7F /* PBXTargetDependency */ = {
			isa = PBXTargetDependency;
			target = 9052C16F1D07F53200859D7F /* BigRedMan */;
			targetProxy = 9052C1951D07F53200859D7F /* PBXContainerItemProxy */;
		};
/* End PBXTargetDependency section */

/* Begin PBXVariantGroup section */
		9052C17C1D07F53200859D7F /* Main.storyboard */ = {
			isa = PBXVariantGroup;
			children = (
				9052C17D1D07F53200859D7F /* Base */,
			);
			name = Main.storyboard;
			sourceTree = "<group>";
		};
		9052C1811D07F53200859D7F /* LaunchScreen.storyboard */ = {
			isa = PBXVariantGroup;
			children = (
				9052C1821D07F53200859D7F /* Base */,
			);
			name = LaunchScreen.storyboard;
			sourceTree = "<group>";
		};
/* End PBXVariantGroup section */

/* Begin XCBuildConfiguration section */
		9052C19B1D07F53200859D7F /* Debug */ = {
			isa = XCBuildConfiguration;
			buildSettings = {
				ALWAYS_SEARCH_USER_PATHS = NO;
				CLANG_CXX_LANGUAGE_STANDARD = "gnu++0x";
				CLANG_CXX_LIBRARY = "libc++";
				CLANG_ENABLE_MODULES = YES;
				CLANG_ENABLE_OBJC_ARC = YES;
				CLANG_WARN_BOOL_CONVERSION = YES;
				CLANG_WARN_CONSTANT_CONVERSION = YES;
				CLANG_WARN_DIRECT_OBJC_ISA_USAGE = YES_ERROR;
				CLANG_WARN_EMPTY_BODY = YES;
				CLANG_WARN_ENUM_CONVERSION = YES;
				CLANG_WARN_INT_CONVERSION = YES;
				CLANG_WARN_OBJC_ROOT_CLASS = YES_ERROR;
				CLANG_WARN_UNREACHABLE_CODE = YES;
				CLANG_WARN__DUPLICATE_METHOD_MATCH = YES;
				"CODE_SIGN_IDENTITY[sdk=iphoneos*]" = "iPhone Developer";
				COPY_PHASE_STRIP = NO;
				DEBUG_INFORMATION_FORMAT = dwarf;
				ENABLE_STRICT_OBJC_MSGSEND = YES;
				ENABLE_TESTABILITY = YES;
				GCC_C_LANGUAGE_STANDARD = gnu99;
				GCC_DYNAMIC_NO_PIC = NO;
				GCC_NO_COMMON_BLOCKS = YES;
				GCC_OPTIMIZATION_LEVEL = 0;
				GCC_PREPROCESSOR_DEFINITIONS = (
					"DEBUG=1",
					"$(inherited)",
				);
				GCC_WARN_64_TO_32_BIT_CONVERSION = YES;
				GCC_WARN_ABOUT_RETURN_TYPE = YES_ERROR;
				GCC_WARN_UNDECLARED_SELECTOR = YES;
				GCC_WARN_UNINITIALIZED_AUTOS = YES_AGGRESSIVE;
				GCC_WARN_UNUSED_FUNCTION = YES;
				GCC_WARN_UNUSED_VARIABLE = YES;
				IPHONEOS_DEPLOYMENT_TARGET = 9.2;
				MTL_ENABLE_DEBUG_INFO = YES;
				ONLY_ACTIVE_ARCH = YES;
				SDKROOT = iphoneos;
			};
			name = Debug;
		};
		9052C19C1D07F53200859D7F /* Release */ = {
			isa = XCBuildConfiguration;
			buildSettings = {
				ALWAYS_SEARCH_USER_PATHS = NO;
				CLANG_CXX_LANGUAGE_STANDARD = "gnu++0x";
				CLANG_CXX_LIBRARY = "libc++";
				CLANG_ENABLE_MODULES = YES;
				CLANG_ENABLE_OBJC_ARC = YES;
				CLANG_WARN_BOOL_CONVERSION = YES;
				CLANG_WARN_CONSTANT_CONVERSION = YES;
				CLANG_WARN_DIRECT_OBJC_ISA_USAGE = YES_ERROR;
				CLANG_WARN_EMPTY_BODY = YES;
				CLANG_WARN_ENUM_CONVERSION = YES;
				CLANG_WARN_INT_CONVERSION = YES;
				CLANG_WARN_OBJC_ROOT_CLASS = YES_ERROR;
				CLANG_WARN_UNREACHABLE_CODE = YES;
				CLANG_WARN__DUPLICATE_METHOD_MATCH = YES;
				"CODE_SIGN_IDENTITY[sdk=iphoneos*]" = "iPhone Developer";
				COPY_PHASE_STRIP = NO;
				DEBUG_INFORMATION_FORMAT = "dwarf-with-dsym";
				ENABLE_NS_ASSERTIONS = NO;
				ENABLE_STRICT_OBJC_MSGSEND = YES;
				GCC_C_LANGUAGE_STANDARD = gnu99;
				GCC_NO_COMMON_BLOCKS = YES;
				GCC_WARN_64_TO_32_BIT_CONVERSION = YES;
				GCC_WARN_ABOUT_RETURN_TYPE = YES_ERROR;
				GCC_WARN_UNDECLARED_SELECTOR = YES;
				GCC_WARN_UNINITIALIZED_AUTOS = YES_AGGRESSIVE;
				GCC_WARN_UNUSED_FUNCTION = YES;
				GCC_WARN_UNUSED_VARIABLE = YES;
				IPHONEOS_DEPLOYMENT_TARGET = 9.2;
				MTL_ENABLE_DEBUG_INFO = NO;
				SDKROOT = iphoneos;
				VALIDATE_PRODUCT = YES;
			};
			name = Release;
		};
		9052C19E1D07F53200859D7F /* Debug */ = {
			isa = XCBuildConfiguration;
			baseConfigurationReference = AE1371F1BA7F1EF73D20AC7A /* Pods.debug.xcconfig */;
			buildSettings = {
				ASSETCATALOG_COMPILER_APPICON_NAME = AppIcon;
				GCC_PREFIX_HEADER = "$(SRCROOT)/BigRedMan/Define/RMPrefixHeader.pch";
				INFOPLIST_FILE = BigRedMan/Info.plist;
				LD_RUNPATH_SEARCH_PATHS = "$(inherited) @executable_path/Frameworks";
				PRODUCT_BUNDLE_IDENTIFIER = com.duan.BigRedMan.BigRedMan;
				PRODUCT_NAME = "$(TARGET_NAME)";
			};
			name = Debug;
		};
		9052C19F1D07F53200859D7F /* Release */ = {
			isa = XCBuildConfiguration;
			baseConfigurationReference = F404D8A1DC66AB2355F32C75 /* Pods.release.xcconfig */;
			buildSettings = {
				ASSETCATALOG_COMPILER_APPICON_NAME = AppIcon;
				GCC_PREFIX_HEADER = "$(SRCROOT)/BigRedMan/Define/RMPrefixHeader.pch";
				INFOPLIST_FILE = BigRedMan/Info.plist;
				LD_RUNPATH_SEARCH_PATHS = "$(inherited) @executable_path/Frameworks";
				PRODUCT_BUNDLE_IDENTIFIER = com.duan.BigRedMan.BigRedMan;
				PRODUCT_NAME = "$(TARGET_NAME)";
			};
			name = Release;
		};
		9052C1A11D07F53200859D7F /* Debug */ = {
			isa = XCBuildConfiguration;
			buildSettings = {
				BUNDLE_LOADER = "$(TEST_HOST)";
				INFOPLIST_FILE = BigRedManTests/Info.plist;
				LD_RUNPATH_SEARCH_PATHS = "$(inherited) @executable_path/Frameworks @loader_path/Frameworks";
				PRODUCT_BUNDLE_IDENTIFIER = com.duan.BigRedMan.BigRedManTests;
				PRODUCT_NAME = "$(TARGET_NAME)";
				TEST_HOST = "$(BUILT_PRODUCTS_DIR)/BigRedMan.app/BigRedMan";
			};
			name = Debug;
		};
		9052C1A21D07F53200859D7F /* Release */ = {
			isa = XCBuildConfiguration;
			buildSettings = {
				BUNDLE_LOADER = "$(TEST_HOST)";
				INFOPLIST_FILE = BigRedManTests/Info.plist;
				LD_RUNPATH_SEARCH_PATHS = "$(inherited) @executable_path/Frameworks @loader_path/Frameworks";
				PRODUCT_BUNDLE_IDENTIFIER = com.duan.BigRedMan.BigRedManTests;
				PRODUCT_NAME = "$(TARGET_NAME)";
				TEST_HOST = "$(BUILT_PRODUCTS_DIR)/BigRedMan.app/BigRedMan";
			};
			name = Release;
		};
		9052C1A41D07F53200859D7F /* Debug */ = {
			isa = XCBuildConfiguration;
			buildSettings = {
				INFOPLIST_FILE = BigRedManUITests/Info.plist;
				LD_RUNPATH_SEARCH_PATHS = "$(inherited) @executable_path/Frameworks @loader_path/Frameworks";
				PRODUCT_BUNDLE_IDENTIFIER = com.duan.BigRedMan.BigRedManUITests;
				PRODUCT_NAME = "$(TARGET_NAME)";
				TEST_TARGET_NAME = BigRedMan;
				USES_XCTRUNNER = YES;
			};
			name = Debug;
		};
		9052C1A51D07F53200859D7F /* Release */ = {
			isa = XCBuildConfiguration;
			buildSettings = {
				INFOPLIST_FILE = BigRedManUITests/Info.plist;
				LD_RUNPATH_SEARCH_PATHS = "$(inherited) @executable_path/Frameworks @loader_path/Frameworks";
				PRODUCT_BUNDLE_IDENTIFIER = com.duan.BigRedMan.BigRedManUITests;
				PRODUCT_NAME = "$(TARGET_NAME)";
				TEST_TARGET_NAME = BigRedMan;
				USES_XCTRUNNER = YES;
			};
			name = Release;
		};
/* End XCBuildConfiguration section */

/* Begin XCConfigurationList section */
		9052C16B1D07F53200859D7F /* Build configuration list for PBXProject "BigRedMan" */ = {
			isa = XCConfigurationList;
			buildConfigurations = (
				9052C19B1D07F53200859D7F /* Debug */,
				9052C19C1D07F53200859D7F /* Release */,
			);
			defaultConfigurationIsVisible = 0;
			defaultConfigurationName = Release;
		};
		9052C19D1D07F53200859D7F /* Build configuration list for PBXNativeTarget "BigRedMan" */ = {
			isa = XCConfigurationList;
			buildConfigurations = (
				9052C19E1D07F53200859D7F /* Debug */,
				9052C19F1D07F53200859D7F /* Release */,
			);
			defaultConfigurationIsVisible = 0;
			defaultConfigurationName = Release;
		};
		9052C1A01D07F53200859D7F /* Build configuration list for PBXNativeTarget "BigRedManTests" */ = {
			isa = XCConfigurationList;
			buildConfigurations = (
				9052C1A11D07F53200859D7F /* Debug */,
				9052C1A21D07F53200859D7F /* Release */,
			);
			defaultConfigurationIsVisible = 0;
			defaultConfigurationName = Release;
		};
		9052C1A31D07F53200859D7F /* Build configuration list for PBXNativeTarget "BigRedManUITests" */ = {
			isa = XCConfigurationList;
			buildConfigurations = (
				9052C1A41D07F53200859D7F /* Debug */,
				9052C1A51D07F53200859D7F /* Release */,
			);
			defaultConfigurationIsVisible = 0;
			defaultConfigurationName = Release;
		};
/* End XCConfigurationList section */
	};
	rootObject = 9052C1681D07F53200859D7F /* Project object */;
}
